
Microsoft Visual Studio Solution File, Format Version 12.00
# Visual Studio 15
VisualStudioVersion = 15.0.28307.1267
MinimumVisualStudioVersion = 10.0.40219.1
Project("{8BC9CEB8-8B4A-11D0-8D11-00A0C91BC942}") = "4.31", "4.31\4.31.vcxproj", "{745D3309-8EC3-4A15-B177-4093B599930F}"
EndProject
Global
	GlobalSection(SolutionConfigurationPlatforms) = preSolution
		Debug|x64 = Debug|x64
		Debug|x86 = Debug|x86
		Release|x64 = Release|x64
		Release|x86 = Release|x86
	EndGlobalSection
	GlobalSection(ProjectConfigurationPlatforms) = postSolution
		{745D3309-8EC3-4A15-B177-4093B599930F}.Debug|x64.ActiveCfg = Debug|x64
		{745D3309-8EC3-4A15-B177-4093B599930F}.Debug|x64.Build.0 = Debug|x64
		{745D3309-8EC3-4A15-B177-4093B599930F}.Debug|x86.ActiveCfg = Debug|Win32
		{745D3309-8EC3-4A15-B177-4093B599930F}.Debug|x86.Build.0 = Debug|Win32
		{745D3309-8EC3-4A15-B177-4093B599930F}.Release|x64.ActiveCfg = Release|x64
		{745D3309-8EC3-4A15-B177-4093B599930F}.Release|x64.Build.0 = Release|x64
		{745D3309-8EC3-4A15-B177-4093B599930F}.Release|x86.ActiveCfg = Release|Win32
		{745D3309-8EC3-4A15-B177-4093B599930F}.Release|x86.Build.0 = Release|Win32
	EndGlobalSection
	GlobalSection(SolutionProperties) = preSolution
		HideSolutionNode = FALSE
	EndGlobalSection
	GlobalSection(ExtensibilityGlobals) = postSolution
		SolutionGuid = {9D593459-712C-4787-B216-44394D1E08EF}
	EndGlobalSection
EndGlobal
