
Microsoft Visual Studio Solution File, Format Version 12.00
# Visual Studio 15
VisualStudioVersion = 15.0.28307.1267
MinimumVisualStudioVersion = 10.0.40219.1
Project("{8BC9CEB8-8B4A-11D0-8D11-00A0C91BC942}") = "4.16", "4.16\4.16.vcxproj", "{E799CA20-FE58-40BC-BD39-8C9F4EB56AE1}"
EndProject
Global
	GlobalSection(SolutionConfigurationPlatforms) = preSolution
		Debug|x64 = Debug|x64
		Debug|x86 = Debug|x86
		Release|x64 = Release|x64
		Release|x86 = Release|x86
	EndGlobalSection
	GlobalSection(ProjectConfigurationPlatforms) = postSolution
		{E799CA20-FE58-40BC-BD39-8C9F4EB56AE1}.Debug|x64.ActiveCfg = Debug|x64
		{E799CA20-FE58-40BC-BD39-8C9F4EB56AE1}.Debug|x64.Build.0 = Debug|x64
		{E799CA20-FE58-40BC-BD39-8C9F4EB56AE1}.Debug|x86.ActiveCfg = Debug|Win32
		{E799CA20-FE58-40BC-BD39-8C9F4EB56AE1}.Debug|x86.Build.0 = Debug|Win32
		{E799CA20-FE58-40BC-BD39-8C9F4EB56AE1}.Release|x64.ActiveCfg = Release|x64
		{E799CA20-FE58-40BC-BD39-8C9F4EB56AE1}.Release|x64.Build.0 = Release|x64
		{E799CA20-FE58-40BC-BD39-8C9F4EB56AE1}.Release|x86.ActiveCfg = Release|Win32
		{E799CA20-FE58-40BC-BD39-8C9F4EB56AE1}.Release|x86.Build.0 = Release|Win32
	EndGlobalSection
	GlobalSection(SolutionProperties) = preSolution
		HideSolutionNode = FALSE
	EndGlobalSection
	GlobalSection(ExtensibilityGlobals) = postSolution
		SolutionGuid = {A6C92917-6B95-4C77-A920-43844CE20B84}
	EndGlobalSection
EndGlobal
